
Microsoft Visual Studio Solution File, Format Version 12.00
# Visual Studio Version 17
VisualStudioVersion = 17.2.32602.215
MinimumVisualStudioVersion = 10.0.40219.1
Project("{FAE04EC0-301F-11D3-BF4B-00C04F79EFBC}") = "sudoku solver backtrack", "sudoku solver backtrack\sudoku solver backtrack.csproj", "{BF710E90-CE4E-4463-B65B-1EFB77701FFE}"
EndProject
Global
	GlobalSection(SolutionConfigurationPlatforms) = preSolution
		Debug|Any CPU = Debug|Any CPU
		Release|Any CPU = Release|Any CPU
	EndGlobalSection
	GlobalSection(ProjectConfigurationPlatforms) = postSolution
		{BF710E90-CE4E-4463-B65B-1EFB77701FFE}.Debug|Any CPU.ActiveCfg = Debug|Any CPU
		{BF710E90-CE4E-4463-B65B-1EFB77701FFE}.Debug|Any CPU.Build.0 = Debug|Any CPU
		{BF710E90-CE4E-4463-B65B-1EFB77701FFE}.Release|Any CPU.ActiveCfg = Release|Any CPU
		{BF710E90-CE4E-4463-B65B-1EFB77701FFE}.Release|Any CPU.Build.0 = Release|Any CPU
	EndGlobalSection
	GlobalSection(SolutionProperties) = preSolution
		HideSolutionNode = FALSE
	EndGlobalSection
	GlobalSection(ExtensibilityGlobals) = postSolution
		SolutionGuid = {1F776A71-B72B-46EC-ADED-87576DBF8AC1}
	EndGlobalSection
EndGlobal
